
Microsoft Visual Studio Solution File, Format Version 12.00
# Visual Studio Version 16
VisualStudioVersion = 16.0.31205.134
MinimumVisualStudioVersion = 10.0.40219.1
Project("{2150E333-8FDC-42A3-9474-1A3956D46DE8}") = "src", "src", "{666D5EB0-BA23-4FF9-AB6B-EC2DF0C4D370}"
EndProject
Project("{2150E333-8FDC-42A3-9474-1A3956D46DE8}") = "Building Blocks", "Building Blocks", "{57D31154-1069-454A-97E7-DE96326454B1}"
EndProject
Project("{2150E333-8FDC-42A3-9474-1A3956D46DE8}") = "Services", "Services", "{4D6844C6-092C-4316-9010-45118D04CB89}"
EndProject
Project("{2150E333-8FDC-42A3-9474-1A3956D46DE8}") = "Web", "Web", "{D649D049-1E8F-4A24-B878-A27B740EDBFC}"
EndProject
Project("{2150E333-8FDC-42A3-9474-1A3956D46DE8}") = "Identidade", "Identidade", "{43957DB9-4199-455B-A54A-2C05FCF13BA4}"
EndProject
Project("{2150E333-8FDC-42A3-9474-1A3956D46DE8}") = "MVC", "MVC", "{0DB74642-B27F-405C-BF99-A9027AEA5D52}"
EndProject
Project("{2150E333-8FDC-42A3-9474-1A3956D46DE8}") = "Core", "Core", "{1E24B302-E40B-4D6E-BD9E-816F03031445}"
EndProject
Project("{9A19103F-16F7-4668-BE54-9A1E7A4F7556}") = "NSE.Core", "src\building blocks\NSE.Core\NSE.Core.csproj", "{F51C738A-A7E0-4E00-93DB-8611E7F9BE77}"
EndProject
Project("{2150E333-8FDC-42A3-9474-1A3956D46DE8}") = "Carrinho", "Carrinho", "{C0796A22-E4D5-4EB7-8AE1-1CB14204BC0B}"
EndProject
Project("{2150E333-8FDC-42A3-9474-1A3956D46DE8}") = "Catalogo", "Catalogo", "{101A8396-E965-46E4-9470-23210ADEC499}"
EndProject
Project("{2150E333-8FDC-42A3-9474-1A3956D46DE8}") = "Cliente", "Cliente", "{BA73AA09-25BA-4B78-BAA6-D512A7C162B6}"
EndProject
Project("{2150E333-8FDC-42A3-9474-1A3956D46DE8}") = "Pagamento", "Pagamento", "{D5F6E8E4-B0D0-4C79-A017-11C1CFE6B915}"
EndProject
Project("{2150E333-8FDC-42A3-9474-1A3956D46DE8}") = "Pedido", "Pedido", "{F8C31430-B926-45A8-825D-5FD0BDAC9A09}"
EndProject
Project("{9A19103F-16F7-4668-BE54-9A1E7A4F7556}") = "NSE.Carrinho.API", "src\services\NSE.Carrinho.API\NSE.Carrinho.API.csproj", "{3436D76C-B26E-43BA-BEEC-C486EF11BC32}"
EndProject
Project("{9A19103F-16F7-4668-BE54-9A1E7A4F7556}") = "NSE.Cliente.API", "src\services\NSE.Cliente.API\NSE.Cliente.API.csproj", "{4ABE7F94-84BA-4180-8B66-DFB6EAC7D457}"
EndProject
Project("{9A19103F-16F7-4668-BE54-9A1E7A4F7556}") = "NSE.Pagamento.API", "NSE.Pagamento.API\NSE.Pagamento.API.csproj", "{57B2B4FE-D525-470B-8569-3DEB00C8C0E4}"
EndProject
Project("{9A19103F-16F7-4668-BE54-9A1E7A4F7556}") = "NSE.Pedido.API", "src\services\NSE.Pedido.API\NSE.Pedido.API.csproj", "{59542025-65CD-41B7-B2F3-BE3EFB2D03B5}"
EndProject
Project("{9A19103F-16F7-4668-BE54-9A1E7A4F7556}") = "NSE.WebApp.MVC", "src\web\NSE.WebApp.MVC\NSE.WebApp.MVC.csproj", "{E057C4FB-012F-4D38-928A-8A2CC8E81CB0}"
EndProject
Project("{9A19103F-16F7-4668-BE54-9A1E7A4F7556}") = "NSE.Identidade.API", "src\services\NSE.Identidade.API\NSE.Identidade.API.csproj", "{0DD4E4A6-DF15-4DF6-B7E7-FDB71FB2DC79}"
EndProject
Project("{9A19103F-16F7-4668-BE54-9A1E7A4F7556}") = "NSE.Catalogo.API", "src\services\NSE.Catalogo.API\NSE.Catalogo.API.csproj", "{19F38D7F-95F1-4FC3-B1C8-3EC7CAB9D289}"
EndProject
Global
	GlobalSection(SolutionConfigurationPlatforms) = preSolution
		Debug|Any CPU = Debug|Any CPU
		Release|Any CPU = Release|Any CPU
	EndGlobalSection
	GlobalSection(ProjectConfigurationPlatforms) = postSolution
		{F51C738A-A7E0-4E00-93DB-8611E7F9BE77}.Debug|Any CPU.ActiveCfg = Debug|Any CPU
		{F51C738A-A7E0-4E00-93DB-8611E7F9BE77}.Debug|Any CPU.Build.0 = Debug|Any CPU
		{F51C738A-A7E0-4E00-93DB-8611E7F9BE77}.Release|Any CPU.ActiveCfg = Release|Any CPU
		{F51C738A-A7E0-4E00-93DB-8611E7F9BE77}.Release|Any CPU.Build.0 = Release|Any CPU
		{3436D76C-B26E-43BA-BEEC-C486EF11BC32}.Debug|Any CPU.ActiveCfg = Debug|Any CPU
		{3436D76C-B26E-43BA-BEEC-C486EF11BC32}.Debug|Any CPU.Build.0 = Debug|Any CPU
		{3436D76C-B26E-43BA-BEEC-C486EF11BC32}.Release|Any CPU.ActiveCfg = Release|Any CPU
		{3436D76C-B26E-43BA-BEEC-C486EF11BC32}.Release|Any CPU.Build.0 = Release|Any CPU
		{4ABE7F94-84BA-4180-8B66-DFB6EAC7D457}.Debug|Any CPU.ActiveCfg = Debug|Any CPU
		{4ABE7F94-84BA-4180-8B66-DFB6EAC7D457}.Debug|Any CPU.Build.0 = Debug|Any CPU
		{4ABE7F94-84BA-4180-8B66-DFB6EAC7D457}.Release|Any CPU.ActiveCfg = Release|Any CPU
		{4ABE7F94-84BA-4180-8B66-DFB6EAC7D457}.Release|Any CPU.Build.0 = Release|Any CPU
		{57B2B4FE-D525-470B-8569-3DEB00C8C0E4}.Debug|Any CPU.ActiveCfg = Debug|Any CPU
		{57B2B4FE-D525-470B-8569-3DEB00C8C0E4}.Debug|Any CPU.Build.0 = Debug|Any CPU
		{57B2B4FE-D525-470B-8569-3DEB00C8C0E4}.Release|Any CPU.ActiveCfg = Release|Any CPU
		{57B2B4FE-D525-470B-8569-3DEB00C8C0E4}.Release|Any CPU.Build.0 = Release|Any CPU
		{59542025-65CD-41B7-B2F3-BE3EFB2D03B5}.Debug|Any CPU.ActiveCfg = Debug|Any CPU
		{59542025-65CD-41B7-B2F3-BE3EFB2D03B5}.Debug|Any CPU.Build.0 = Debug|Any CPU
		{59542025-65CD-41B7-B2F3-BE3EFB2D03B5}.Release|Any CPU.ActiveCfg = Release|Any CPU
		{59542025-65CD-41B7-B2F3-BE3EFB2D03B5}.Release|Any CPU.Build.0 = Release|Any CPU
		{E057C4FB-012F-4D38-928A-8A2CC8E81CB0}.Debug|Any CPU.ActiveCfg = Debug|Any CPU
		{E057C4FB-012F-4D38-928A-8A2CC8E81CB0}.Debug|Any CPU.Build.0 = Debug|Any CPU
		{E057C4FB-012F-4D38-928A-8A2CC8E81CB0}.Release|Any CPU.ActiveCfg = Release|Any CPU
		{E057C4FB-012F-4D38-928A-8A2CC8E81CB0}.Release|Any CPU.Build.0 = Release|Any CPU
		{0DD4E4A6-DF15-4DF6-B7E7-FDB71FB2DC79}.Debug|Any CPU.ActiveCfg = Debug|Any CPU
		{0DD4E4A6-DF15-4DF6-B7E7-FDB71FB2DC79}.Debug|Any CPU.Build.0 = Debug|Any CPU
		{0DD4E4A6-DF15-4DF6-B7E7-FDB71FB2DC79}.Release|Any CPU.ActiveCfg = Release|Any CPU
		{0DD4E4A6-DF15-4DF6-B7E7-FDB71FB2DC79}.Release|Any CPU.Build.0 = Release|Any CPU
		{19F38D7F-95F1-4FC3-B1C8-3EC7CAB9D289}.Debug|Any CPU.ActiveCfg = Debug|Any CPU
		{19F38D7F-95F1-4FC3-B1C8-3EC7CAB9D289}.Debug|Any CPU.Build.0 = Debug|Any CPU
		{19F38D7F-95F1-4FC3-B1C8-3EC7CAB9D289}.Release|Any CPU.ActiveCfg = Release|Any CPU
		{19F38D7F-95F1-4FC3-B1C8-3EC7CAB9D289}.Release|Any CPU.Build.0 = Release|Any CPU
	EndGlobalSection
	GlobalSection(SolutionProperties) = preSolution
		HideSolutionNode = FALSE
	EndGlobalSection
	GlobalSection(NestedProjects) = preSolution
		{57D31154-1069-454A-97E7-DE96326454B1} = {666D5EB0-BA23-4FF9-AB6B-EC2DF0C4D370}
		{4D6844C6-092C-4316-9010-45118D04CB89} = {666D5EB0-BA23-4FF9-AB6B-EC2DF0C4D370}
		{D649D049-1E8F-4A24-B878-A27B740EDBFC} = {666D5EB0-BA23-4FF9-AB6B-EC2DF0C4D370}
		{43957DB9-4199-455B-A54A-2C05FCF13BA4} = {4D6844C6-092C-4316-9010-45118D04CB89}
		{0DB74642-B27F-405C-BF99-A9027AEA5D52} = {D649D049-1E8F-4A24-B878-A27B740EDBFC}
		{1E24B302-E40B-4D6E-BD9E-816F03031445} = {57D31154-1069-454A-97E7-DE96326454B1}
		{F51C738A-A7E0-4E00-93DB-8611E7F9BE77} = {1E24B302-E40B-4D6E-BD9E-816F03031445}
		{C0796A22-E4D5-4EB7-8AE1-1CB14204BC0B} = {4D6844C6-092C-4316-9010-45118D04CB89}
		{101A8396-E965-46E4-9470-23210ADEC499} = {4D6844C6-092C-4316-9010-45118D04CB89}
		{BA73AA09-25BA-4B78-BAA6-D512A7C162B6} = {4D6844C6-092C-4316-9010-45118D04CB89}
		{D5F6E8E4-B0D0-4C79-A017-11C1CFE6B915} = {4D6844C6-092C-4316-9010-45118D04CB89}
		{F8C31430-B926-45A8-825D-5FD0BDAC9A09} = {4D6844C6-092C-4316-9010-45118D04CB89}
		{3436D76C-B26E-43BA-BEEC-C486EF11BC32} = {C0796A22-E4D5-4EB7-8AE1-1CB14204BC0B}
		{4ABE7F94-84BA-4180-8B66-DFB6EAC7D457} = {BA73AA09-25BA-4B78-BAA6-D512A7C162B6}
		{57B2B4FE-D525-470B-8569-3DEB00C8C0E4} = {D5F6E8E4-B0D0-4C79-A017-11C1CFE6B915}
		{59542025-65CD-41B7-B2F3-BE3EFB2D03B5} = {F8C31430-B926-45A8-825D-5FD0BDAC9A09}
		{E057C4FB-012F-4D38-928A-8A2CC8E81CB0} = {0DB74642-B27F-405C-BF99-A9027AEA5D52}
		{0DD4E4A6-DF15-4DF6-B7E7-FDB71FB2DC79} = {43957DB9-4199-455B-A54A-2C05FCF13BA4}
		{19F38D7F-95F1-4FC3-B1C8-3EC7CAB9D289} = {101A8396-E965-46E4-9470-23210ADEC499}
	EndGlobalSection
	GlobalSection(ExtensibilityGlobals) = postSolution
		SolutionGuid = {D58181AA-1749-40F2-92E4-22CC372F33BD}
	EndGlobalSection
EndGlobal
